
Microsoft Visual Studio Solution File, Format Version 12.00
# Visual Studio Version 16
VisualStudioVersion = 16.0.29905.134
MinimumVisualStudioVersion = 10.0.40219.1
Project("{FAE04EC0-301F-11D3-BF4B-00C04F79EFBC}") = "testproject", "testproject\testproject.csproj", "{88E967D2-E719-424A-AD3C-C23DDC3A5009}"
EndProject
Global
	GlobalSection(SolutionConfigurationPlatforms) = preSolution
		Debug|Any CPU = Debug|Any CPU
		Release|Any CPU = Release|Any CPU
	EndGlobalSection
	GlobalSection(ProjectConfigurationPlatforms) = postSolution
		{88E967D2-E719-424A-AD3C-C23DDC3A5009}.Debug|Any CPU.ActiveCfg = Debug|Any CPU
		{88E967D2-E719-424A-AD3C-C23DDC3A5009}.Debug|Any CPU.Build.0 = Debug|Any CPU
		{88E967D2-E719-424A-AD3C-C23DDC3A5009}.Release|Any CPU.ActiveCfg = Release|Any CPU
		{88E967D2-E719-424A-AD3C-C23DDC3A5009}.Release|Any CPU.Build.0 = Release|Any CPU
	EndGlobalSection
	GlobalSection(SolutionProperties) = preSolution
		HideSolutionNode = FALSE
	EndGlobalSection
	GlobalSection(ExtensibilityGlobals) = postSolution
		SolutionGuid = {026B6858-80C3-446F-9604-965B0AC872A8}
	EndGlobalSection
EndGlobal
